
Microsoft Visual Studio Solution File, Format Version 12.00
# Visual Studio Version 17
VisualStudioVersion = 17.3.32922.545
MinimumVisualStudioVersion = 10.0.40219.1
Project("{FAE04EC0-301F-11D3-BF4B-00C04F79EFBC}") = "CoreLearning", "CoreLearning\CoreLearning.csproj", "{2335205B-D0DE-489E-9424-3AC47CE2C79E}"
EndProject
Global
	GlobalSection(SolutionConfigurationPlatforms) = preSolution
		Debug|Any CPU = Debug|Any CPU
		Release|Any CPU = Release|Any CPU
	EndGlobalSection
	GlobalSection(ProjectConfigurationPlatforms) = postSolution
		{2335205B-D0DE-489E-9424-3AC47CE2C79E}.Debug|Any CPU.ActiveCfg = Debug|Any CPU
		{2335205B-D0DE-489E-9424-3AC47CE2C79E}.Debug|Any CPU.Build.0 = Debug|Any CPU
		{2335205B-D0DE-489E-9424-3AC47CE2C79E}.Release|Any CPU.ActiveCfg = Release|Any CPU
		{2335205B-D0DE-489E-9424-3AC47CE2C79E}.Release|Any CPU.Build.0 = Release|Any CPU
	EndGlobalSection
	GlobalSection(SolutionProperties) = preSolution
		HideSolutionNode = FALSE
	EndGlobalSection
	GlobalSection(ExtensibilityGlobals) = postSolution
		SolutionGuid = {E4AAD4E9-C527-4299-995A-72395DA2725C}
	EndGlobalSection
EndGlobal
